# THIS IS AN AUTOGENERATED FILE. DO NOT EDIT THIS FILE DIRECTLY.
# yarn lockfile v1


css-vendor@^0.3.1:
  version "0.3.8"
  resolved "https://registry.yarnpkg.com/css-vendor/-/css-vendor-0.3.8.tgz#6421cfd3034ce664fe7673972fd0119fc28941fa"
  integrity sha1-ZCHP0wNM5mT+dnOXL9ARn8KJQfo=
  dependencies:
    is-in-browser "^1.0.2"

debug@^2.6.8:
  version "2.6.9"
  resolved "https://registry.yarnpkg.com/debug/-/debug-2.6.9.tgz#5d128515df134ff327e90a4c93f4e077a536341f"
  integrity sha512-bC7ElrdJaJnPbAP+1EotYvqZsb3ecl5wi6Bfi6BJTUcNowp6cvspg0jXznRTKDjm/E7AdgFBVeAPVMNcKGsHMA==
  dependencies:
    ms "2.0.0"

exenv@^1.2.0:
  version "1.2.2"
  resolved "https://registry.yarnpkg.com/exenv/-/exenv-1.2.2.tgz#2ae78e85d9894158670b03d47bec1f03bd91bb9d"
  integrity sha1-KueOhdmJQVhnCwPUe+wfA72Ru50=

highlight.js@^10.5.0:
  version "10.7.3"
  resolved "https://registry.yarnpkg.com/highlight.js/-/highlight.js-10.7.3.tgz#697272e3991356e40c3cac566a74eef681756531"
  integrity sha512-tzcUFauisWKNHaRkN4Wjl/ZA07gENAjFl3J/c480dprkGTg5EQstgaNFqBfUqCq54kZRIEcreTsAgF/m2quD7A==

is-in-browser@^1.0.2:
  version "1.1.3"
  resolved "https://registry.yarnpkg.com/is-in-browser/-/is-in-browser-1.1.3.tgz#56ff4db683a078c6082eb95dad7dc62e1d04f835"
  integrity sha1-Vv9NtoOgeMYILrldrX3GLh0E+DU=

"js-tokens@^3.0.0 || ^4.0.0":
  version "4.0.0"
  resolved "https://registry.yarnpkg.com/js-tokens/-/js-tokens-4.0.0.tgz#19203fb59991df98e3a287050d4647cdeaf32499"
  integrity sha512-RdJUflcE3cUzKiMqQgsCu06FPu9UdIJO0beYbPhHN4k6apgJtifcoCtT9bcxOpYBtpD2kCM6Sbzg4CausW/PKQ==

lodash._getnative@^3.0.0:
  version "3.9.1"
  resolved "https://registry.yarnpkg.com/lodash._getnative/-/lodash._getnative-3.9.1.tgz#570bc7dede46d61cdcde687d65d3eecbaa3aaff5"
  integrity sha1-VwvH3t5G1hzc3mh9ZdPuy6o6r/U=

lodash.debounce@^3.0.0:
  version "3.1.1"
  resolved "https://registry.yarnpkg.com/lodash.debounce/-/lodash.debounce-3.1.1.tgz#812211c378a94cc29d5aa4e3346cf0bfce3a7df5"
  integrity sha1-gSIRw3ipTMKdWqTjNGzwv846ffU=
  dependencies:
    lodash._getnative "^3.0.0"

lodash.throttle@^3.0.3:
  version "3.0.4"
  resolved "https://registry.yarnpkg.com/lodash.throttle/-/lodash.throttle-3.0.4.tgz#bc4f471fb328e4d6fdc6df2b3d3caf113f0f89c9"
  integrity sha1-vE9HH7Mo5Nb9xt8rPTyvET8Pick=
  dependencies:
    lodash.debounce "^3.0.0"

loose-envify@^1.0.0, loose-envify@^1.1.0, loose-envify@^1.4.0:
  version "1.4.0"
  resolved "https://registry.yarnpkg.com/loose-envify/-/loose-envify-1.4.0.tgz#71ee51fa7be4caec1a63839f7e682d8132d30caf"
  integrity sha512-lyuxPGr/Wfhrlem2CL/UcnUc1zcqKAImBDzukY7Y5F/yQiNdko6+fRLevlw1HgMySw7f611UIY408EtxRSoK3Q==
  dependencies:
    js-tokens "^3.0.0 || ^4.0.0"

moment@^2.29.4:
  version "2.29.4"
  resolved "https://registry.yarnpkg.com/moment/-/moment-2.29.4.tgz#3dbe052889fe7c1b2ed966fcb3a77328964ef108"
  integrity sha512-5LC9SOxjSc2HF6vO2CyuTDNivEdoz2IvyJJGj6X8DJ0eFyfszE0QiEd+iXmBvUP3WHxSjFH/vIsA0EN00cgr8w==

ms@2.0.0:
  version "2.0.0"
  resolved "https://registry.yarnpkg.com/ms/-/ms-2.0.0.tgz#5608aeadfc00be6c2901df5f9861788de0d597c8"
  integrity sha1-VgiurfwAvmwpAd9fmGF4jeDVl8g=

object-assign@^4.1.1:
  version "4.1.1"
  resolved "https://registry.yarnpkg.com/object-assign/-/object-assign-4.1.1.tgz#2109adc7965887cfc05cbbd442cac8bfbb360863"
  integrity sha1-IQmtx5ZYh8/AXLvUQsrIv7s2CGM=

popper.js@^1.11.1:
  version "1.16.1"
  resolved "https://registry.yarnpkg.com/popper.js/-/popper.js-1.16.1.tgz#2a223cb3dc7b6213d740e40372be40de43e65b1b"
  integrity sha512-Wb4p1J4zyFTbM+u6WuO4XstYx4Ky9Cewe4DWrel7B0w6VVICvPwdOpotjzcf6eD8TsckVnIMNONQyPIUFOUbCQ==

prop-types@^15.5.10, prop-types@^15.7.2:
  version "15.8.1"
  resolved "https://registry.yarnpkg.com/prop-types/-/prop-types-15.8.1.tgz#67d87bf1a694f48435cf332c24af10214a3140b5"
  integrity sha512-oj87CgZICdulUohogVAR7AjlC0327U4el4L6eAvOqCeudMDVU0NThNaV+b9Df4dXgSP1gXMTnPdhfe/2qDH5cg==
  dependencies:
    loose-envify "^1.4.0"
    object-assign "^4.1.1"
    react-is "^16.13.1"

react-dom@^17.0.2:
  version "17.0.2"
  resolved "https://registry.yarnpkg.com/react-dom/-/react-dom-17.0.2.tgz#ecffb6845e3ad8dbfcdc498f0d0a939736502c23"
  integrity sha512-s4h96KtLDUQlsENhMn1ar8t2bEa+q/YAtj8pPPdIjPDGBDIVNsrD9aXNWqspUe6AzKCIG0C1HZZLqLV7qpOBGA==
  dependencies:
    loose-envify "^1.1.0"
    object-assign "^4.1.1"
    scheduler "^0.20.2"

react-highlight@^0.14.0:
  version "0.14.0"
  resolved "https://registry.yarnpkg.com/react-highlight/-/react-highlight-0.14.0.tgz#5aefa5518baa580f96b68d48129d7a5d2dc0c9ef"
  integrity sha512-kWE+KXOXidS7SABhVopOgMnowbI3RAfeGZbnrduLNlWrYAED8sycL9l/Fvw3w0PFpIIawB7mRDnyhDcM/cIIGA==
  dependencies:
    highlight.js "^10.5.0"

react-icons@^4.3.1:
  version "4.3.1"
  resolved "https://registry.yarnpkg.com/react-icons/-/react-icons-4.3.1.tgz#2fa92aebbbc71f43d2db2ed1aed07361124e91ca"
  integrity sha512-cB10MXLTs3gVuXimblAdI71jrJx8njrJZmNMEMC+sQu5B/BIOmlsAjskdqpn81y8UBVEGuHODd7/ci5DvoSzTQ==

react-is@^16.13.1:
  version "16.13.1"
  resolved "https://registry.yarnpkg.com/react-is/-/react-is-16.13.1.tgz#789729a4dc36de2999dc156dd6c1d9c18cea56a4"
  integrity sha512-24e6ynE2H+OKt4kqsOvNd8kBpV65zoxbA4BVsEOB3ARVWQki/DHzaUoC5KuON/BiccDaCCTZBuOcfZs70kR8bQ==

react-lifecycles-compat@^3.0.0:
  version "3.0.4"
  resolved "https://registry.yarnpkg.com/react-lifecycles-compat/-/react-lifecycles-compat-3.0.4.tgz#4f1a273afdfc8f3488a8c516bfda78f872352362"
  integrity sha512-fBASbA6LnOU9dOU2eW7aQ8xmYBSXUIWr+UmF9b1efZBazGNO+rcXT/icdKnYm2pTwcRylVUYwW7H1PHfLekVzA==

react-modal@^3.14.4:
  version "3.14.4"
  resolved "https://registry.yarnpkg.com/react-modal/-/react-modal-3.14.4.tgz#2ca7e8e9a180955e5c9508c228b73167c1e6f6a3"
  integrity sha512-8surmulejafYCH9wfUmFyj4UfbSJwjcgbS9gf3oOItu4Hwd6ivJyVBETI0yHRhpJKCLZMUtnhzk76wXTsNL6Qg==
  dependencies:
    exenv "^1.2.0"
    prop-types "^15.7.2"
    react-lifecycles-compat "^3.0.0"
    warning "^4.0.3"

react-popover@^0.5.10:
  version "0.5.10"
  resolved "https://registry.yarnpkg.com/react-popover/-/react-popover-0.5.10.tgz#40d5e854300a96722ffc1620e49d840cb1ad5db6"
  integrity sha512-5SYDTfncywSH00I70oHd4gFRUR8V0rJ4sRADSI/P6G0RVXp9jUgaWloJ0Bk+SFnjpLPuipTKuzQNNd2CTs5Hrw==
  dependencies:
    css-vendor "^0.3.1"
    debug "^2.6.8"
    lodash.throttle "^3.0.3"
    prop-types "^15.5.10"

react-tippy@^1.4.0:
  version "1.4.0"
  resolved "https://registry.yarnpkg.com/react-tippy/-/react-tippy-1.4.0.tgz#e8a8b4085ec985e5c94fe128918b733b588a1465"
  integrity sha512-r/hM5XK9Ztr2ZY7IWKuRmISTlUPS/R6ddz6PO2EuxCgW+4JBcGZRPU06XcVPRDCOIiio8ryBQFrXMhFMhsuaHA==
  dependencies:
    popper.js "^1.11.1"

react@^17.0.2:
  version "17.0.2"
  resolved "https://registry.yarnpkg.com/react/-/react-17.0.2.tgz#d0b5cc516d29eb3eee383f75b62864cfb6800037"
  integrity sha512-gnhPt75i/dq/z3/6q/0asP78D0u592D5L1pd7M8P+dck6Fu/jJeL6iVVK23fptSUZj8Vjf++7wXA8UNclGQcbA==
  dependencies:
    loose-envify "^1.1.0"
    object-assign "^4.1.1"

scheduler@^0.20.2:
  version "0.20.2"
  resolved "https://registry.yarnpkg.com/scheduler/-/scheduler-0.20.2.tgz#4baee39436e34aa93b4874bddcbf0fe8b8b50e91"
  integrity sha512-2eWfGgAqqWFGqtdMmcL5zCMK1U8KlXv8SQFGglL3CEtd0aDVDWgeF/YoCmvln55m5zSk3J/20hTaSBeSObsQDQ==
  dependencies:
    loose-envify "^1.1.0"
    object-assign "^4.1.1"

uuid@^8.3.2:
  version "8.3.2"
  resolved "https://registry.yarnpkg.com/uuid/-/uuid-8.3.2.tgz#80d5b5ced271bb9af6c445f21a1a04c606cefbe2"
  integrity sha512-+NYs2QeMWy+GWFOEm9xnn6HCDp0l7QBD7ml8zLUmJ+93Q5NF0NocErnwkTkXVFNiX3/fpC6afS8Dhb/gz7R7eg==

warning@^4.0.3:
  version "4.0.3"
  resolved "https://registry.yarnpkg.com/warning/-/warning-4.0.3.tgz#16e9e077eb8a86d6af7d64aa1e05fd85b4678ca3"
  integrity sha512-rpJyN222KWIvHJ/F53XSZv0Zl/accqHR8et1kpaMTD/fLCRxtV8iX8czMzY7sVZupTI3zcUTg8eycS2kNF9l6w==
  dependencies:
    loose-envify "^1.0.0"
